{
  "object": {
    "pins": [
      {
        "package": "mParticle-Apple-SDK",
        "repositoryURL": "https://github.com/mParticle/mparticle-apple-sdk",
        "state": {
          "branch": null,
          "revision": "1eeac71cb2422cc1e0f1a722d8d28fcec02b5086",
          "version": "8.4.0"
        }
      }
    ]
  },
  "version": 1
}
