{
  "object": {
    "pins": [
      {
        "package": "AppsFlyerLib",
        "repositoryURL": "https://github.com/AppsFlyerSDK/AppsFlyerFramework",
        "state": {
          "branch": null,
          "revision": "b6e5ae8b8c3eb1968a832e5c6bcab2dccdadce38",
          "version": "6.3.3"
        }
      },
      {
        "package": "mParticle-Apple-SDK",
        "repositoryURL": "https://github.com/mParticle/mparticle-apple-sdk",
        "state": {
          "branch": null,
          "revision": "1eeac71cb2422cc1e0f1a722d8d28fcec02b5086",
          "version": "8.4.0"
        }
      }
    ]
  },
  "version": 1
}
